
Microsoft Visual Studio Solution File, Format Version 12.00
# Visual Studio Version 17
VisualStudioVersion = 17.11.35017.193
MinimumVisualStudioVersion = 10.0.40219.1
Project("{9A19103F-16F7-4668-BE54-9A1E7A4F7556}") = "WinTools", "WinTools\WinTools.csproj", "{AFDABC2E-5716-4E07-BFB6-5C8C2D09983F}"
EndProject
Project("{9A19103F-16F7-4668-BE54-9A1E7A4F7556}") = "WinTools.Core", "WinTools.Core\WinTools.Core.csproj", "{29542644-5ECF-4C23-A7BC-09DA2C40DC00}"
EndProject
Project("{C7167F0D-BC9F-4E6E-AFE1-012C56B48DB5}") = "WintoolsPackage", "WintoolsPackage\WintoolsPackage.wapproj", "{08BC3021-EB2D-4391-8582-8D7A6389868F}"
EndProject
Global
	GlobalSection(SolutionConfigurationPlatforms) = preSolution
		Debug|Any CPU = Debug|Any CPU
		Debug|ARM = Debug|ARM
		Debug|arm64 = Debug|arm64
		Debug|x64 = Debug|x64
		Debug|x86 = Debug|x86
		Release|Any CPU = Release|Any CPU
		Release|ARM = Release|ARM
		Release|arm64 = Release|arm64
		Release|x64 = Release|x64
		Release|x86 = Release|x86
	EndGlobalSection
	GlobalSection(ProjectConfigurationPlatforms) = postSolution
		{AFDABC2E-5716-4E07-BFB6-5C8C2D09983F}.Debug|Any CPU.ActiveCfg = Debug|x64
		{AFDABC2E-5716-4E07-BFB6-5C8C2D09983F}.Debug|Any CPU.Build.0 = Debug|x64
		{AFDABC2E-5716-4E07-BFB6-5C8C2D09983F}.Debug|Any CPU.Deploy.0 = Debug|x64
		{AFDABC2E-5716-4E07-BFB6-5C8C2D09983F}.Debug|ARM.ActiveCfg = Debug|x64
		{AFDABC2E-5716-4E07-BFB6-5C8C2D09983F}.Debug|ARM.Build.0 = Debug|x64
		{AFDABC2E-5716-4E07-BFB6-5C8C2D09983F}.Debug|ARM.Deploy.0 = Debug|x64
		{AFDABC2E-5716-4E07-BFB6-5C8C2D09983F}.Debug|arm64.ActiveCfg = Debug|arm64
		{AFDABC2E-5716-4E07-BFB6-5C8C2D09983F}.Debug|arm64.Build.0 = Debug|arm64
		{AFDABC2E-5716-4E07-BFB6-5C8C2D09983F}.Debug|arm64.Deploy.0 = Debug|arm64
		{AFDABC2E-5716-4E07-BFB6-5C8C2D09983F}.Debug|x64.ActiveCfg = Debug|x64
		{AFDABC2E-5716-4E07-BFB6-5C8C2D09983F}.Debug|x64.Build.0 = Debug|x64
		{AFDABC2E-5716-4E07-BFB6-5C8C2D09983F}.Debug|x64.Deploy.0 = Debug|x64
		{AFDABC2E-5716-4E07-BFB6-5C8C2D09983F}.Debug|x86.ActiveCfg = Release|x64
		{AFDABC2E-5716-4E07-BFB6-5C8C2D09983F}.Debug|x86.Build.0 = Release|x64
		{AFDABC2E-5716-4E07-BFB6-5C8C2D09983F}.Debug|x86.Deploy.0 = Release|x64
		{AFDABC2E-5716-4E07-BFB6-5C8C2D09983F}.Release|Any CPU.ActiveCfg = Release|x64
		{AFDABC2E-5716-4E07-BFB6-5C8C2D09983F}.Release|Any CPU.Build.0 = Release|x64
		{AFDABC2E-5716-4E07-BFB6-5C8C2D09983F}.Release|Any CPU.Deploy.0 = Release|x64
		{AFDABC2E-5716-4E07-BFB6-5C8C2D09983F}.Release|ARM.ActiveCfg = Release|x64
		{AFDABC2E-5716-4E07-BFB6-5C8C2D09983F}.Release|ARM.Build.0 = Release|x64
		{AFDABC2E-5716-4E07-BFB6-5C8C2D09983F}.Release|ARM.Deploy.0 = Release|x64
		{AFDABC2E-5716-4E07-BFB6-5C8C2D09983F}.Release|arm64.ActiveCfg = Release|arm64
		{AFDABC2E-5716-4E07-BFB6-5C8C2D09983F}.Release|arm64.Build.0 = Release|arm64
		{AFDABC2E-5716-4E07-BFB6-5C8C2D09983F}.Release|arm64.Deploy.0 = Release|arm64
		{AFDABC2E-5716-4E07-BFB6-5C8C2D09983F}.Release|x64.ActiveCfg = Release|x64
		{AFDABC2E-5716-4E07-BFB6-5C8C2D09983F}.Release|x64.Build.0 = Release|x64
		{AFDABC2E-5716-4E07-BFB6-5C8C2D09983F}.Release|x64.Deploy.0 = Release|x64
		{AFDABC2E-5716-4E07-BFB6-5C8C2D09983F}.Release|x86.ActiveCfg = Release|x86
		{AFDABC2E-5716-4E07-BFB6-5C8C2D09983F}.Release|x86.Build.0 = Release|x86
		{AFDABC2E-5716-4E07-BFB6-5C8C2D09983F}.Release|x86.Deploy.0 = Release|x86
		{29542644-5ECF-4C23-A7BC-09DA2C40DC00}.Debug|Any CPU.ActiveCfg = Debug|Any CPU
		{29542644-5ECF-4C23-A7BC-09DA2C40DC00}.Debug|Any CPU.Build.0 = Debug|Any CPU
		{29542644-5ECF-4C23-A7BC-09DA2C40DC00}.Debug|ARM.ActiveCfg = Debug|Any CPU
		{29542644-5ECF-4C23-A7BC-09DA2C40DC00}.Debug|ARM.Build.0 = Debug|Any CPU
		{29542644-5ECF-4C23-A7BC-09DA2C40DC00}.Debug|arm64.ActiveCfg = Debug|arm64
		{29542644-5ECF-4C23-A7BC-09DA2C40DC00}.Debug|arm64.Build.0 = Debug|arm64
		{29542644-5ECF-4C23-A7BC-09DA2C40DC00}.Debug|x64.ActiveCfg = Debug|x64
		{29542644-5ECF-4C23-A7BC-09DA2C40DC00}.Debug|x64.Build.0 = Debug|x64
		{29542644-5ECF-4C23-A7BC-09DA2C40DC00}.Debug|x86.ActiveCfg = Release|x64
		{29542644-5ECF-4C23-A7BC-09DA2C40DC00}.Debug|x86.Build.0 = Release|x64
		{29542644-5ECF-4C23-A7BC-09DA2C40DC00}.Release|Any CPU.ActiveCfg = Release|Any CPU
		{29542644-5ECF-4C23-A7BC-09DA2C40DC00}.Release|Any CPU.Build.0 = Release|Any CPU
		{29542644-5ECF-4C23-A7BC-09DA2C40DC00}.Release|ARM.ActiveCfg = Release|Any CPU
		{29542644-5ECF-4C23-A7BC-09DA2C40DC00}.Release|ARM.Build.0 = Release|Any CPU
		{29542644-5ECF-4C23-A7BC-09DA2C40DC00}.Release|arm64.ActiveCfg = Release|arm64
		{29542644-5ECF-4C23-A7BC-09DA2C40DC00}.Release|arm64.Build.0 = Release|arm64
		{29542644-5ECF-4C23-A7BC-09DA2C40DC00}.Release|x64.ActiveCfg = Release|x64
		{29542644-5ECF-4C23-A7BC-09DA2C40DC00}.Release|x64.Build.0 = Release|x64
		{29542644-5ECF-4C23-A7BC-09DA2C40DC00}.Release|x86.ActiveCfg = Release|x86
		{29542644-5ECF-4C23-A7BC-09DA2C40DC00}.Release|x86.Build.0 = Release|x86
		{08BC3021-EB2D-4391-8582-8D7A6389868F}.Debug|Any CPU.ActiveCfg = Debug|Any CPU
		{08BC3021-EB2D-4391-8582-8D7A6389868F}.Debug|Any CPU.Build.0 = Debug|Any CPU
		{08BC3021-EB2D-4391-8582-8D7A6389868F}.Debug|Any CPU.Deploy.0 = Debug|Any CPU
		{08BC3021-EB2D-4391-8582-8D7A6389868F}.Debug|ARM.ActiveCfg = Debug|ARM
		{08BC3021-EB2D-4391-8582-8D7A6389868F}.Debug|ARM.Build.0 = Debug|ARM
		{08BC3021-EB2D-4391-8582-8D7A6389868F}.Debug|ARM.Deploy.0 = Debug|ARM
		{08BC3021-EB2D-4391-8582-8D7A6389868F}.Debug|arm64.ActiveCfg = Debug|ARM64
		{08BC3021-EB2D-4391-8582-8D7A6389868F}.Debug|arm64.Build.0 = Debug|ARM64
		{08BC3021-EB2D-4391-8582-8D7A6389868F}.Debug|arm64.Deploy.0 = Debug|ARM64
		{08BC3021-EB2D-4391-8582-8D7A6389868F}.Debug|x64.ActiveCfg = Debug|x64
		{08BC3021-EB2D-4391-8582-8D7A6389868F}.Debug|x64.Build.0 = Debug|x64
		{08BC3021-EB2D-4391-8582-8D7A6389868F}.Debug|x64.Deploy.0 = Debug|x64
		{08BC3021-EB2D-4391-8582-8D7A6389868F}.Debug|x86.ActiveCfg = Debug|x86
		{08BC3021-EB2D-4391-8582-8D7A6389868F}.Release|Any CPU.ActiveCfg = Release|Any CPU
		{08BC3021-EB2D-4391-8582-8D7A6389868F}.Release|Any CPU.Build.0 = Release|Any CPU
		{08BC3021-EB2D-4391-8582-8D7A6389868F}.Release|Any CPU.Deploy.0 = Release|Any CPU
		{08BC3021-EB2D-4391-8582-8D7A6389868F}.Release|ARM.ActiveCfg = Release|ARM
		{08BC3021-EB2D-4391-8582-8D7A6389868F}.Release|ARM.Build.0 = Release|ARM
		{08BC3021-EB2D-4391-8582-8D7A6389868F}.Release|ARM.Deploy.0 = Release|ARM
		{08BC3021-EB2D-4391-8582-8D7A6389868F}.Release|arm64.ActiveCfg = Release|ARM64
		{08BC3021-EB2D-4391-8582-8D7A6389868F}.Release|arm64.Build.0 = Release|ARM64
		{08BC3021-EB2D-4391-8582-8D7A6389868F}.Release|arm64.Deploy.0 = Release|ARM64
		{08BC3021-EB2D-4391-8582-8D7A6389868F}.Release|x64.ActiveCfg = Release|x64
		{08BC3021-EB2D-4391-8582-8D7A6389868F}.Release|x64.Build.0 = Release|x64
		{08BC3021-EB2D-4391-8582-8D7A6389868F}.Release|x64.Deploy.0 = Release|x64
		{08BC3021-EB2D-4391-8582-8D7A6389868F}.Release|x86.ActiveCfg = Release|x86
		{08BC3021-EB2D-4391-8582-8D7A6389868F}.Release|x86.Build.0 = Release|x86
		{08BC3021-EB2D-4391-8582-8D7A6389868F}.Release|x86.Deploy.0 = Release|x86
	EndGlobalSection
	GlobalSection(SolutionProperties) = preSolution
		HideSolutionNode = FALSE
	EndGlobalSection
	GlobalSection(ExtensibilityGlobals) = postSolution
		SolutionGuid = {EFEEA930-6041-4AD2-9762-9AFE03BA594A}
	EndGlobalSection
EndGlobal
